version: 2.0
shards:
  base32:
    git: https://github.com/philnash/base32.git
    version: 0.1.1+git.commit.0a21c1d90731fdefcb3f0db4913f49d3d25350ac

  base58:
    git: https://github.com/wyhaines/base58.cr.git
    version: 0.2.2

  crotp:
    git: https://github.com/philnash/crotp.git
    version: 1.0.0

  ed25519:
    git: https://github.com/spider-gazelle/ed25519.git
    version: 1.1.0

  qr-code:
    git: https://github.com/spider-gazelle/qr-code.git
    version: 1.0.3

